
Microsoft Visual Studio Solution File, Format Version 12.00
# Visual Studio 15
VisualStudioVersion = 15.0.27428.2037
MinimumVisualStudioVersion = 10.0.40219.1
Project("{FAE04EC0-301F-11D3-BF4B-00C04F79EFBC}") = "CCrypt", "CCrypt\CCrypt.csproj", "{2DF8DD75-EC7A-4DB0-9943-5DBF10D69EA0}"
EndProject
Global
	GlobalSection(SolutionConfigurationPlatforms) = preSolution
		Debug|Any CPU = Debug|Any CPU
		Debug|x64 = Debug|x64
		Release|Any CPU = Release|Any CPU
		Release|x64 = Release|x64
	EndGlobalSection
	GlobalSection(ProjectConfigurationPlatforms) = postSolution
		{2DF8DD75-EC7A-4DB0-9943-5DBF10D69EA0}.Debug|Any CPU.ActiveCfg = Debug|Any CPU
		{2DF8DD75-EC7A-4DB0-9943-5DBF10D69EA0}.Debug|Any CPU.Build.0 = Debug|Any CPU
		{2DF8DD75-EC7A-4DB0-9943-5DBF10D69EA0}.Debug|x64.ActiveCfg = Debug|x64
		{2DF8DD75-EC7A-4DB0-9943-5DBF10D69EA0}.Debug|x64.Build.0 = Debug|x64
		{2DF8DD75-EC7A-4DB0-9943-5DBF10D69EA0}.Release|Any CPU.ActiveCfg = Release|Any CPU
		{2DF8DD75-EC7A-4DB0-9943-5DBF10D69EA0}.Release|Any CPU.Build.0 = Release|Any CPU
		{2DF8DD75-EC7A-4DB0-9943-5DBF10D69EA0}.Release|x64.ActiveCfg = Release|x64
		{2DF8DD75-EC7A-4DB0-9943-5DBF10D69EA0}.Release|x64.Build.0 = Release|x64
	EndGlobalSection
	GlobalSection(SolutionProperties) = preSolution
		HideSolutionNode = FALSE
	EndGlobalSection
	GlobalSection(ExtensibilityGlobals) = postSolution
		SolutionGuid = {440DA61B-AB1D-42FF-B158-894F100B8D0B}
	EndGlobalSection
EndGlobal
